{
  "version": 4,
  "terraform_version": "1.13.4",
  "serial": 1,
  "lineage": "c8e51080-e87d-b1cd-8764-064d110c7101",
  "outputs": {
    "cluster_name": {
      "value": "sgx-autopilot",
      "type": "string"
    }
  },
  "resources": [
    {
      "mode": "managed",
      "type": "google_container_cluster",
      "name": "autopilot",
      "provider": "provider[\"registry.terraform.io/hashicorp/google-beta\"]",
      "instances": [
        {
          "status": "tainted",
          "schema_version": 2,
          "attributes": {
            "addons_config": [
              {
                "cloudrun_config": [],
                "config_connector_config": [],
                "dns_cache_config": [
                  {
                    "enabled": true
                  }
                ],
                "gce_persistent_disk_csi_driver_config": [
                  {
                    "enabled": true
                  }
                ],
                "gcp_filestore_csi_driver_config": [
                  {
                    "enabled": true
                  }
                ],
                "gcs_fuse_csi_driver_config": [
                  {
                    "enabled": true
                  }
                ],
                "gke_backup_agent_config": [],
                "horizontal_pod_autoscaling": [],
                "http_load_balancing": [],
                "istio_config": [],
                "kalm_config": [],
                "lustre_csi_driver_config": [],
                "network_policy_config": [
                  {
                    "disabled": true
                  }
                ],
                "parallelstore_csi_driver_config": [
                  {
                    "enabled": true
                  }
                ],
                "ray_operator_config": [],
                "stateful_ha_config": [
                  {
                    "enabled": true
                  }
                ]
              }
            ],
            "allow_net_admin": null,
            "anonymous_authentication_config": null,
            "authenticator_groups_config": [],
            "binary_authorization": [
              {
                "enabled": false,
                "evaluation_mode": ""
              }
            ],
            "cluster_autoscaling": [
              {
                "auto_provisioning_defaults": [
                  {
                    "boot_disk_kms_key": "",
                    "disk_size": 0,
                    "disk_type": "",
                    "image_type": "COS_CONTAINERD",
                    "management": [
                      {
                        "auto_repair": true,
                        "auto_upgrade": true,
                        "upgrade_options": []
                      }
                    ],
                    "min_cpu_platform": "",
                    "oauth_scopes": [
                      "https://www.googleapis.com/auth/devstorage.read_only",
                      "https://www.googleapis.com/auth/logging.write",
                      "https://www.googleapis.com/auth/monitoring",
                      "https://www.googleapis.com/auth/service.management.readonly",
                      "https://www.googleapis.com/auth/servicecontrol",
                      "https://www.googleapis.com/auth/trace.append"
                    ],
                    "service_account": "default",
                    "shielded_instance_config": [],
                    "upgrade_settings": [
                      {
                        "blue_green_settings": [],
                        "max_surge": 1,
                        "max_unavailable": 0,
                        "strategy": "SURGE"
                      }
                    ]
                  }
                ],
                "auto_provisioning_locations": [],
                "autoscaling_profile": "OPTIMIZE_UTILIZATION",
                "enabled": true,
                "resource_limits": [
                  {
                    "maximum": 1000000000,
                    "minimum": 0,
                    "resource_type": "cpu"
                  },
                  {
                    "maximum": 1000000000,
                    "minimum": 0,
                    "resource_type": "memory"
                  },
                  {
                    "maximum": 1000000000,
                    "minimum": 0,
                    "resource_type": "nvidia-tesla-t4"
                  },
                  {
                    "maximum": 1000000000,
                    "minimum": 0,
                    "resource_type": "nvidia-tesla-a100"
                  }
                ]
              }
            ],
            "cluster_ipv4_cidr": "10.72.128.0/17",
            "cluster_telemetry": null,
            "confidential_nodes": [],
            "control_plane_endpoints_config": null,
            "cost_management_config": [],
            "database_encryption": null,
            "datapath_provider": "ADVANCED_DATAPATH",
            "default_max_pods_per_node": 110,
            "default_snat_status": [
              {
                "disabled": false
              }
            ],
            "deletion_protection": false,
            "description": "",
            "disable_l4_lb_firewall_reconciliation": false,
            "dns_config": [],
            "effective_labels": {
              "goog-terraform-provisioned": "true"
            },
            "enable_autopilot": true,
            "enable_cilium_clusterwide_network_policy": false,
            "enable_fqdn_network_policy": false,
            "enable_intranode_visibility": true,
            "enable_k8s_beta_apis": [],
            "enable_kubernetes_alpha": false,
            "enable_l4_ilb_subsetting": false,
            "enable_legacy_abac": false,
            "enable_multi_networking": false,
            "enable_shielded_nodes": true,
            "enable_tpu": false,
            "endpoint": "136.110.32.142",
            "enterprise_config": null,
            "fleet": [],
            "gateway_api_config": null,
            "gke_auto_upgrade_config": [],
            "id": "projects/sgx-autopilot-lab/locations/asia-southeast1/clusters/sgx-autopilot",
            "identity_service_config": null,
            "in_transit_encryption_config": "",
            "initial_node_count": 0,
            "ip_allocation_policy": null,
            "label_fingerprint": null,
            "location": "asia-southeast1",
            "logging_config": null,
            "logging_service": "logging.googleapis.com/kubernetes",
            "maintenance_policy": [],
            "master_auth": [
              {
                "client_certificate": "",
                "client_certificate_config": [
                  {
                    "issue_client_certificate": false
                  }
                ],
                "client_key": "",
                "cluster_ca_certificate": "LS0tLS1CRUdJTiBDRVJUSUZJQ0FURS0tLS0tCk1JSUVMRENDQXBTZ0F3SUJBZ0lRRWs1eGFEdkJYQ2QweHM4SDJjei9XREFOQmdrcWhraUc5dzBCQVFzRkFEQXYKTVMwd0t3WURWUVFERXlRM1l6WTBObU0xTkMwM1pqSmxMVFF6TlRjdE9HSm1PQzB5T1RVNE9UZzVOVGMzTW1JdwpJQmNOTWpVeE1ESTJNREkwTkRFMldoZ1BNakExTlRFd01Ua3dNelEwTVRaYU1DOHhMVEFyQmdOVkJBTVRKRGRqCk5qUTJZelUwTFRkbU1tVXRORE0xTnkwNFltWTRMVEk1TlRnNU9EazFOemN5WWpDQ0FhSXdEUVlKS29aSWh2Y04KQVFFQkJRQURnZ0dQQURDQ0FZb0NnZ0dCQUxzUksrdVZiNUpDOUNIMmpnSWdtcVVZRjRaSHpZWkpaaHVvTHp6dwprbTFweVFiMXU3ZW0xRkV4clpuVU9hTEoxZlVvdUtKdXIva1R5NkNLNERGeFd4ejN1SzZUYytWbVpRenJPaWpFClR6WWVEa2tOc1pvMkcreXpTVGhQK0s4OGpYZVJMSUk3V2VGQis5bjN1QmZ0TjYrZXJLUkpHeE1vL0lzWXJEUFEKZUJYU1djazBXOTY5dko4TGRUUFdDcFc4TVYySzFkWmdpY3FlbU1HVlRQWHRiNEdTTHNyRnhNaUJEcmdmZm9JQQpmVGpJS05iMFRQd3lBUGRpVE1CdUlTS2pvSEVCdGlJaCtiWmhrTytIYTlXYnZtSmdNbGd4RFJBL1d2REVvNmx2CjJZa21QcjNjZTZCNFlIU21OSjdjTzZBTit3RDk3SmRsa3NaaVlZTVVYamdDTTcxTmd4SDl3ZTBwcFJiazFMVlkKRnNkMU53MUt0QUhzd1JRMzBuYUE3eEl2YjRDSmVobVpTblFzMWg1U0pIdDBwTDU0RFQvQThoTE45ZmNVUXV5WgpQajkxYW5PMVdYYytMYks1WWpaWXZUS2Nsb2cwczI1MFpHNzNwaTZyMVZHcU1UNWRxR3M4ZzZwUFc2NVduek1nCms4MkVJTmZjWU9sR2YwQlBoM01uSDR5allRSURBUUFCbzBJd1FEQU9CZ05WSFE4QkFmOEVCQU1DQWdRd0R3WUQKVlIwVEFRSC9CQVV3QXdFQi96QWRCZ05WSFE0RUZnUVVJMzhYdlZIRlV4aXJTTjJpVWlJbGQ0T3g0cWt3RFFZSgpLb1pJaHZjTkFRRUxCUUFEZ2dHQkFGcGtCTWNuU3pOTW54MHhtMkpyK2xKYzZwL0Z6MnVWVGJ3V01Wb1VFT1RUCnZEMy9NZG0yYUVSS2htMlRvaFVhLzdrVnlsZXhOZ1RKU0ZwVENRSTlsbm9MUVd3TEtkMlJ4U2VkMWJyVkZleHEKYTdNY3J1Y01BbWpIcitwZUVNVFpHNCtTR0ZEbDd1UEZRL3NIZjA2QXFnenRiQmp3am40Rmp6Y05YV3Zjd1dWWQpQaDdSc3dvcnpqeFpWTkhsSXIzNzZtMmhrTkhmR0xFdDdCdmF2ZjdtNXJRbEczaEdHaVhmb2lZOHdNRzFvMUQwClA0MGo4Rm9VWDdHUFJVTXpCUmxWbzNhdWJydTlJZjBDbjZFalpJWTNpUTJucFlyYk5sMENVK2p3amVtWnN5L3gKYVFVZk5mSUwwNzNZRFRUb2RPdnovQkYwRC9uUUpRWXdvZ2RVWDRsM2NXanNFODJyMTAyc3N0OFM5bTFFUkhVQgo1blZSRTlUT1RXZGtzVDRVNVduNmFYTUJKWmVtcmxiZEtncmhaSGJ4aW1qN1BIZE4rODNSRUljVSsyeS9lb1N4CmNVU1FORXNMdnpZSEdGa2tDbXd5Q0NGTDJyK3ZmWldid3VaYi9wQTQ4QTk4aXNrTWt5eGUxZTE3NklGRUxqUVgKNzVXd1ZNMWg0cU0wdGJ0bHk3eStWQT09Ci0tLS0tRU5EIENFUlRJRklDQVRFLS0tLS0K"
              }
            ],
            "master_authorized_networks_config": [],
            "master_version": "1.33.5-gke.1080000",
            "mesh_certificates": null,
            "min_master_version": null,
            "monitoring_config": null,
            "monitoring_service": "monitoring.googleapis.com/kubernetes",
            "name": "sgx-autopilot",
            "network": "projects/sgx-autopilot-lab/global/networks/default",
            "network_performance_config": [],
            "network_policy": [
              {
                "enabled": false,
                "provider": "PROVIDER_UNSPECIFIED"
              }
            ],
            "networking_mode": "VPC_NATIVE",
            "node_config": [
              {
                "advanced_machine_features": [],
                "boot_disk": [
                  {
                    "disk_type": "pd-balanced",
                    "provisioned_iops": 0,
                    "provisioned_throughput": 0,
                    "size_gb": 100
                  }
                ],
                "boot_disk_kms_key": "",
                "confidential_nodes": [],
                "containerd_config": [],
                "disk_size_gb": 100,
                "disk_type": "pd-balanced",
                "effective_taints": [
                  {
                    "effect": "NO_SCHEDULE",
                    "key": "cloud.google.com/gke-quick-remove",
                    "value": "true"
                  }
                ],
                "enable_confidential_storage": false,
                "ephemeral_storage_config": [],
                "ephemeral_storage_local_ssd_config": [],
                "fast_socket": [],
                "flex_start": false,
                "gcfs_config": [],
                "guest_accelerator": [],
                "gvnic": [
                  {
                    "enabled": true
                  }
                ],
                "host_maintenance_policy": [],
                "image_type": "COS_CONTAINERD",
                "kubelet_config": [
                  {
                    "allowed_unsafe_sysctls": [],
                    "container_log_max_files": 0,
                    "container_log_max_size": "",
                    "cpu_cfs_quota": false,
                    "cpu_cfs_quota_period": "",
                    "cpu_manager_policy": "",
                    "eviction_max_pod_grace_period_seconds": 0,
                    "eviction_minimum_reclaim": [],
                    "eviction_soft": [],
                    "eviction_soft_grace_period": [],
                    "image_gc_high_threshold_percent": 0,
                    "image_gc_low_threshold_percent": 0,
                    "image_maximum_gc_age": "",
                    "image_minimum_gc_age": "",
                    "insecure_kubelet_readonly_port_enabled": "FALSE",
                    "max_parallel_image_pulls": 2,
                    "pod_pids_limit": 0,
                    "single_process_oom_kill": false
                  }
                ],
                "labels": {},
                "linux_node_config": [],
                "local_nvme_ssd_block_config": [],
                "local_ssd_count": 0,
                "local_ssd_encryption_mode": "",
                "logging_variant": "DEFAULT",
                "machine_type": "ek-standard-8",
                "max_run_duration": "",
                "metadata": {
                  "disable-legacy-endpoints": "true"
                },
                "min_cpu_platform": "",
                "node_group": "",
                "oauth_scopes": [
                  "https://www.googleapis.com/auth/devstorage.read_only",
                  "https://www.googleapis.com/auth/logging.write",
                  "https://www.googleapis.com/auth/monitoring",
                  "https://www.googleapis.com/auth/service.management.readonly",
                  "https://www.googleapis.com/auth/servicecontrol",
                  "https://www.googleapis.com/auth/trace.append"
                ],
                "preemptible": false,
                "reservation_affinity": [
                  {
                    "consume_reservation_type": "NO_RESERVATION",
                    "key": "",
                    "values": []
                  }
                ],
                "resource_labels": {
                  "goog-gke-node-pool-provisioning-model": "on-demand"
                },
                "resource_manager_tags": {},
                "sandbox_config": [],
                "secondary_boot_disks": [],
                "service_account": "default",
                "shielded_instance_config": [
                  {
                    "enable_integrity_monitoring": true,
                    "enable_secure_boot": true
                  }
                ],
                "sole_tenant_config": [],
                "spot": false,
                "storage_pools": [],
                "tags": [],
                "taint": [],
                "windows_node_config": [
                  {
                    "osversion": ""
                  }
                ],
                "workload_metadata_config": [
                  {
                    "mode": "GKE_METADATA"
                  }
                ]
              }
            ],
            "node_locations": [
              "asia-southeast1-a",
              "asia-southeast1-b",
              "asia-southeast1-c"
            ],
            "node_pool": null,
            "node_pool_auto_config": null,
            "node_pool_defaults": null,
            "node_version": "1.33.5-gke.1080000",
            "notification_config": [
              {
                "pubsub": [
                  {
                    "enabled": false,
                    "filter": [],
                    "topic": ""
                  }
                ]
              }
            ],
            "operation": null,
            "pod_autoscaling": null,
            "pod_security_policy_config": [],
            "private_cluster_config": [],
            "private_ipv6_google_access": "",
            "project": "sgx-autopilot-lab",
            "protect_config": null,
            "rbac_binding_config": null,
            "release_channel": [
              {
                "channel": "REGULAR"
              }
            ],
            "remove_default_node_pool": null,
            "resource_labels": null,
            "resource_usage_export_config": [],
            "secret_manager_config": [],
            "security_posture_config": null,
            "self_link": "https://container.googleapis.com/v1beta1/projects/sgx-autopilot-lab/locations/asia-southeast1/clusters/sgx-autopilot",
            "service_external_ips_config": null,
            "services_ipv4_cidr": "34.118.224.0/20",
            "subnetwork": "projects/sgx-autopilot-lab/regions/asia-southeast1/subnetworks/default",
            "terraform_labels": {
              "goog-terraform-provisioned": "true"
            },
            "timeouts": null,
            "tpu_config": null,
            "tpu_ipv4_cidr_block": "",
            "user_managed_keys_config": [],
            "vertical_pod_autoscaling": null,
            "workload_alts_config": null,
            "workload_identity_config": null
          },
          "sensitive_attributes": [
            [
              {
                "type": "get_attr",
                "value": "master_auth"
              },
              {
                "type": "index",
                "value": {
                  "value": 0,
                  "type": "number"
                }
              },
              {
                "type": "get_attr",
                "value": "client_key"
              }
            ]
          ],
          "identity_schema_version": 0,
          "private": "eyJlMmJmYjczMC1lY2FhLTExZTYtOGY4OC0zNDM2M2JjN2M0YzAiOnsiY3JlYXRlIjoyNDAwMDAwMDAwMDAwLCJkZWxldGUiOjI0MDAwMDAwMDAwMDAsInJlYWQiOjI0MDAwMDAwMDAwMDAsInVwZGF0ZSI6MzYwMDAwMDAwMDAwMH0sInNjaGVtYV92ZXJzaW9uIjoiMiJ9"
        }
      ]
    }
  ],
  "check_results": null
}
